
Microsoft Visual Studio Solution File, Format Version 12.00
# Visual Studio 15
VisualStudioVersion = 15.0.27130.2027
MinimumVisualStudioVersion = 10.0.40219.1
Project("{FAE04EC0-301F-11D3-BF4B-00C04F79EFBC}") = "Server", "Server\Server.csproj", "{338F4269-1124-4794-A2F2-2AF7E6C4831A}"
EndProject
Project("{FAE04EC0-301F-11D3-BF4B-00C04F79EFBC}") = "Common", "Common\Common.csproj", "{CD1C933E-E666-49F2-AFC2-7007CDE933E6}"
EndProject
Project("{FAE04EC0-301F-11D3-BF4B-00C04F79EFBC}") = "ServerTests", "ServerTests\ServerTests.csproj", "{0617E10E-6159-4010-BA29-97FD91686885}"
EndProject
Project("{FAE04EC0-301F-11D3-BF4B-00C04F79EFBC}") = "Database", "Database\Database.csproj", "{A656E144-0BD9-489F-AFCA-156775D57F5C}"
EndProject
Project("{FAE04EC0-301F-11D3-BF4B-00C04F79EFBC}") = "ClientGUI", "ClientGUI\ClientGUI.csproj", "{D87E2B2D-EEA8-498B-96A8-E0162E1FA7E5}"
	ProjectSection(ProjectDependencies) = postProject
		{A656E144-0BD9-489F-AFCA-156775D57F5C} = {A656E144-0BD9-489F-AFCA-156775D57F5C}
	EndProjectSection
EndProject
Project("{FAE04EC0-301F-11D3-BF4B-00C04F79EFBC}") = "DatabaseTests", "DatabaseTests\DatabaseTests.csproj", "{B20B8B0D-8551-4B0C-A8D3-D1F10CEA7AA7}"
EndProject
Project("{FAE04EC0-301F-11D3-BF4B-00C04F79EFBC}") = "Logger", "Logger\Logger.csproj", "{82F6BA76-F6A2-4079-BB9C-C7503E2297E3}"
EndProject
Project("{FAE04EC0-301F-11D3-BF4B-00C04F79EFBC}") = "Coordinator", "Coordinator\Coordinator.csproj", "{8B091253-6B87-4E1D-97DD-A45FE65B4099}"
EndProject
Project("{FAE04EC0-301F-11D3-BF4B-00C04F79EFBC}") = "LoggerTests", "LoggerTests\LoggerTests.csproj", "{39695B93-84EB-4EC8-8CCF-474DFC65B703}"
EndProject
Global
	GlobalSection(SolutionConfigurationPlatforms) = preSolution
		Debug|Any CPU = Debug|Any CPU
		Release|Any CPU = Release|Any CPU
	EndGlobalSection
	GlobalSection(ProjectConfigurationPlatforms) = postSolution
		{338F4269-1124-4794-A2F2-2AF7E6C4831A}.Debug|Any CPU.ActiveCfg = Debug|Any CPU
		{338F4269-1124-4794-A2F2-2AF7E6C4831A}.Debug|Any CPU.Build.0 = Debug|Any CPU
		{338F4269-1124-4794-A2F2-2AF7E6C4831A}.Release|Any CPU.ActiveCfg = Release|Any CPU
		{338F4269-1124-4794-A2F2-2AF7E6C4831A}.Release|Any CPU.Build.0 = Release|Any CPU
		{CD1C933E-E666-49F2-AFC2-7007CDE933E6}.Debug|Any CPU.ActiveCfg = Debug|Any CPU
		{CD1C933E-E666-49F2-AFC2-7007CDE933E6}.Debug|Any CPU.Build.0 = Debug|Any CPU
		{CD1C933E-E666-49F2-AFC2-7007CDE933E6}.Release|Any CPU.ActiveCfg = Release|Any CPU
		{CD1C933E-E666-49F2-AFC2-7007CDE933E6}.Release|Any CPU.Build.0 = Release|Any CPU
		{0617E10E-6159-4010-BA29-97FD91686885}.Debug|Any CPU.ActiveCfg = Debug|Any CPU
		{0617E10E-6159-4010-BA29-97FD91686885}.Debug|Any CPU.Build.0 = Debug|Any CPU
		{0617E10E-6159-4010-BA29-97FD91686885}.Release|Any CPU.ActiveCfg = Release|Any CPU
		{0617E10E-6159-4010-BA29-97FD91686885}.Release|Any CPU.Build.0 = Release|Any CPU
		{A656E144-0BD9-489F-AFCA-156775D57F5C}.Debug|Any CPU.ActiveCfg = Debug|Any CPU
		{A656E144-0BD9-489F-AFCA-156775D57F5C}.Debug|Any CPU.Build.0 = Debug|Any CPU
		{A656E144-0BD9-489F-AFCA-156775D57F5C}.Release|Any CPU.ActiveCfg = Release|Any CPU
		{A656E144-0BD9-489F-AFCA-156775D57F5C}.Release|Any CPU.Build.0 = Release|Any CPU
		{D87E2B2D-EEA8-498B-96A8-E0162E1FA7E5}.Debug|Any CPU.ActiveCfg = Debug|Any CPU
		{D87E2B2D-EEA8-498B-96A8-E0162E1FA7E5}.Debug|Any CPU.Build.0 = Debug|Any CPU
		{D87E2B2D-EEA8-498B-96A8-E0162E1FA7E5}.Release|Any CPU.ActiveCfg = Release|Any CPU
		{D87E2B2D-EEA8-498B-96A8-E0162E1FA7E5}.Release|Any CPU.Build.0 = Release|Any CPU
		{B20B8B0D-8551-4B0C-A8D3-D1F10CEA7AA7}.Debug|Any CPU.ActiveCfg = Debug|Any CPU
		{B20B8B0D-8551-4B0C-A8D3-D1F10CEA7AA7}.Debug|Any CPU.Build.0 = Debug|Any CPU
		{B20B8B0D-8551-4B0C-A8D3-D1F10CEA7AA7}.Release|Any CPU.ActiveCfg = Release|Any CPU
		{B20B8B0D-8551-4B0C-A8D3-D1F10CEA7AA7}.Release|Any CPU.Build.0 = Release|Any CPU
		{82F6BA76-F6A2-4079-BB9C-C7503E2297E3}.Debug|Any CPU.ActiveCfg = Debug|Any CPU
		{82F6BA76-F6A2-4079-BB9C-C7503E2297E3}.Debug|Any CPU.Build.0 = Debug|Any CPU
		{82F6BA76-F6A2-4079-BB9C-C7503E2297E3}.Release|Any CPU.ActiveCfg = Release|Any CPU
		{82F6BA76-F6A2-4079-BB9C-C7503E2297E3}.Release|Any CPU.Build.0 = Release|Any CPU
		{8B091253-6B87-4E1D-97DD-A45FE65B4099}.Debug|Any CPU.ActiveCfg = Debug|Any CPU
		{8B091253-6B87-4E1D-97DD-A45FE65B4099}.Debug|Any CPU.Build.0 = Debug|Any CPU
		{8B091253-6B87-4E1D-97DD-A45FE65B4099}.Release|Any CPU.ActiveCfg = Release|Any CPU
		{8B091253-6B87-4E1D-97DD-A45FE65B4099}.Release|Any CPU.Build.0 = Release|Any CPU
		{39695B93-84EB-4EC8-8CCF-474DFC65B703}.Debug|Any CPU.ActiveCfg = Debug|Any CPU
		{39695B93-84EB-4EC8-8CCF-474DFC65B703}.Debug|Any CPU.Build.0 = Debug|Any CPU
		{39695B93-84EB-4EC8-8CCF-474DFC65B703}.Release|Any CPU.ActiveCfg = Release|Any CPU
		{39695B93-84EB-4EC8-8CCF-474DFC65B703}.Release|Any CPU.Build.0 = Release|Any CPU
	EndGlobalSection
	GlobalSection(SolutionProperties) = preSolution
		HideSolutionNode = FALSE
	EndGlobalSection
	GlobalSection(ExtensibilityGlobals) = postSolution
		SolutionGuid = {20C9A155-4F22-44AB-B59C-1A872FF5BFDD}
	EndGlobalSection
EndGlobal
