
Microsoft Visual Studio Solution File, Format Version 12.00
# Visual Studio 15
VisualStudioVersion = 15.0.27130.2027
MinimumVisualStudioVersion = 10.0.40219.1
Project("{FAE04EC0-301F-11D3-BF4B-00C04F79EFBC}") = "ServiceLib", "ServiceLib\ServiceLib.csproj", "{39633CCD-DEB0-478F-AF1E-CEA079E6F477}"
EndProject
Project("{FAE04EC0-301F-11D3-BF4B-00C04F79EFBC}") = "Server", "Server\Server.csproj", "{1B348FA4-F2EE-4C10-8757-40997B5BEB38}"
EndProject
Project("{FAE04EC0-301F-11D3-BF4B-00C04F79EFBC}") = "Common", "Common\Common.csproj", "{A2E09F68-0283-411B-83FF-94360554C5AE}"
EndProject
Global
	GlobalSection(SolutionConfigurationPlatforms) = preSolution
		Debug|Any CPU = Debug|Any CPU
		Debug|ARM = Debug|ARM
		Debug|x64 = Debug|x64
		Debug|x86 = Debug|x86
		Release|Any CPU = Release|Any CPU
		Release|ARM = Release|ARM
		Release|x64 = Release|x64
		Release|x86 = Release|x86
	EndGlobalSection
	GlobalSection(ProjectConfigurationPlatforms) = postSolution
		{39633CCD-DEB0-478F-AF1E-CEA079E6F477}.Debug|Any CPU.ActiveCfg = Debug|Any CPU
		{39633CCD-DEB0-478F-AF1E-CEA079E6F477}.Debug|Any CPU.Build.0 = Debug|Any CPU
		{39633CCD-DEB0-478F-AF1E-CEA079E6F477}.Debug|ARM.ActiveCfg = Debug|Any CPU
		{39633CCD-DEB0-478F-AF1E-CEA079E6F477}.Debug|ARM.Build.0 = Debug|Any CPU
		{39633CCD-DEB0-478F-AF1E-CEA079E6F477}.Debug|x64.ActiveCfg = Debug|Any CPU
		{39633CCD-DEB0-478F-AF1E-CEA079E6F477}.Debug|x64.Build.0 = Debug|Any CPU
		{39633CCD-DEB0-478F-AF1E-CEA079E6F477}.Debug|x86.ActiveCfg = Debug|Any CPU
		{39633CCD-DEB0-478F-AF1E-CEA079E6F477}.Debug|x86.Build.0 = Debug|Any CPU
		{39633CCD-DEB0-478F-AF1E-CEA079E6F477}.Release|Any CPU.ActiveCfg = Release|Any CPU
		{39633CCD-DEB0-478F-AF1E-CEA079E6F477}.Release|Any CPU.Build.0 = Release|Any CPU
		{39633CCD-DEB0-478F-AF1E-CEA079E6F477}.Release|ARM.ActiveCfg = Release|Any CPU
		{39633CCD-DEB0-478F-AF1E-CEA079E6F477}.Release|ARM.Build.0 = Release|Any CPU
		{39633CCD-DEB0-478F-AF1E-CEA079E6F477}.Release|x64.ActiveCfg = Release|Any CPU
		{39633CCD-DEB0-478F-AF1E-CEA079E6F477}.Release|x64.Build.0 = Release|Any CPU
		{39633CCD-DEB0-478F-AF1E-CEA079E6F477}.Release|x86.ActiveCfg = Release|Any CPU
		{39633CCD-DEB0-478F-AF1E-CEA079E6F477}.Release|x86.Build.0 = Release|Any CPU
		{1B348FA4-F2EE-4C10-8757-40997B5BEB38}.Debug|Any CPU.ActiveCfg = Debug|Any CPU
		{1B348FA4-F2EE-4C10-8757-40997B5BEB38}.Debug|Any CPU.Build.0 = Debug|Any CPU
		{1B348FA4-F2EE-4C10-8757-40997B5BEB38}.Debug|ARM.ActiveCfg = Debug|Any CPU
		{1B348FA4-F2EE-4C10-8757-40997B5BEB38}.Debug|ARM.Build.0 = Debug|Any CPU
		{1B348FA4-F2EE-4C10-8757-40997B5BEB38}.Debug|x64.ActiveCfg = Debug|Any CPU
		{1B348FA4-F2EE-4C10-8757-40997B5BEB38}.Debug|x64.Build.0 = Debug|Any CPU
		{1B348FA4-F2EE-4C10-8757-40997B5BEB38}.Debug|x86.ActiveCfg = Debug|Any CPU
		{1B348FA4-F2EE-4C10-8757-40997B5BEB38}.Debug|x86.Build.0 = Debug|Any CPU
		{1B348FA4-F2EE-4C10-8757-40997B5BEB38}.Release|Any CPU.ActiveCfg = Release|Any CPU
		{1B348FA4-F2EE-4C10-8757-40997B5BEB38}.Release|Any CPU.Build.0 = Release|Any CPU
		{1B348FA4-F2EE-4C10-8757-40997B5BEB38}.Release|ARM.ActiveCfg = Release|Any CPU
		{1B348FA4-F2EE-4C10-8757-40997B5BEB38}.Release|ARM.Build.0 = Release|Any CPU
		{1B348FA4-F2EE-4C10-8757-40997B5BEB38}.Release|x64.ActiveCfg = Release|Any CPU
		{1B348FA4-F2EE-4C10-8757-40997B5BEB38}.Release|x64.Build.0 = Release|Any CPU
		{1B348FA4-F2EE-4C10-8757-40997B5BEB38}.Release|x86.ActiveCfg = Release|Any CPU
		{1B348FA4-F2EE-4C10-8757-40997B5BEB38}.Release|x86.Build.0 = Release|Any CPU
		{A2E09F68-0283-411B-83FF-94360554C5AE}.Debug|Any CPU.ActiveCfg = Debug|Any CPU
		{A2E09F68-0283-411B-83FF-94360554C5AE}.Debug|Any CPU.Build.0 = Debug|Any CPU
		{A2E09F68-0283-411B-83FF-94360554C5AE}.Debug|ARM.ActiveCfg = Debug|Any CPU
		{A2E09F68-0283-411B-83FF-94360554C5AE}.Debug|ARM.Build.0 = Debug|Any CPU
		{A2E09F68-0283-411B-83FF-94360554C5AE}.Debug|x64.ActiveCfg = Debug|Any CPU
		{A2E09F68-0283-411B-83FF-94360554C5AE}.Debug|x64.Build.0 = Debug|Any CPU
		{A2E09F68-0283-411B-83FF-94360554C5AE}.Debug|x86.ActiveCfg = Debug|Any CPU
		{A2E09F68-0283-411B-83FF-94360554C5AE}.Debug|x86.Build.0 = Debug|Any CPU
		{A2E09F68-0283-411B-83FF-94360554C5AE}.Release|Any CPU.ActiveCfg = Release|Any CPU
		{A2E09F68-0283-411B-83FF-94360554C5AE}.Release|Any CPU.Build.0 = Release|Any CPU
		{A2E09F68-0283-411B-83FF-94360554C5AE}.Release|ARM.ActiveCfg = Release|Any CPU
		{A2E09F68-0283-411B-83FF-94360554C5AE}.Release|ARM.Build.0 = Release|Any CPU
		{A2E09F68-0283-411B-83FF-94360554C5AE}.Release|x64.ActiveCfg = Release|Any CPU
		{A2E09F68-0283-411B-83FF-94360554C5AE}.Release|x64.Build.0 = Release|Any CPU
		{A2E09F68-0283-411B-83FF-94360554C5AE}.Release|x86.ActiveCfg = Release|Any CPU
		{A2E09F68-0283-411B-83FF-94360554C5AE}.Release|x86.Build.0 = Release|Any CPU
	EndGlobalSection
	GlobalSection(SolutionProperties) = preSolution
		HideSolutionNode = FALSE
	EndGlobalSection
	GlobalSection(ExtensibilityGlobals) = postSolution
		SolutionGuid = {40B4019A-572A-499E-9162-EFEEC6160B10}
	EndGlobalSection
EndGlobal
